
Microsoft Visual Studio Solution File, Format Version 12.00
# Visual Studio Version 16
VisualStudioVersion = 16.0.30621.155
MinimumVisualStudioVersion = 10.0.40219.1
Project("{FAE04EC0-301F-11D3-BF4B-00C04F79EFBC}") = "MongoDBConnection", "MongoDBConnection\MongoDBConnection.csproj", "{6C22892A-A250-422A-B75F-5461D00A6728}"
EndProject
Global
	GlobalSection(SolutionConfigurationPlatforms) = preSolution
		Debug|Any CPU = Debug|Any CPU
		Release|Any CPU = Release|Any CPU
	EndGlobalSection
	GlobalSection(ProjectConfigurationPlatforms) = postSolution
		{6C22892A-A250-422A-B75F-5461D00A6728}.Debug|Any CPU.ActiveCfg = Debug|Any CPU
		{6C22892A-A250-422A-B75F-5461D00A6728}.Debug|Any CPU.Build.0 = Debug|Any CPU
		{6C22892A-A250-422A-B75F-5461D00A6728}.Release|Any CPU.ActiveCfg = Release|Any CPU
		{6C22892A-A250-422A-B75F-5461D00A6728}.Release|Any CPU.Build.0 = Release|Any CPU
	EndGlobalSection
	GlobalSection(SolutionProperties) = preSolution
		HideSolutionNode = FALSE
	EndGlobalSection
	GlobalSection(ExtensibilityGlobals) = postSolution
		SolutionGuid = {0BE5C1F9-FB99-46BC-A945-39992056AC0C}
	EndGlobalSection
EndGlobal
